<?xml version="1.0" encoding="utf-8"?>
<Project ToolsVersion="4.0" xmlns="http://schemas.microsoft.com/developer/msbuild/2003">
  <ItemGroup>
    <Filter Include="Source Files">
      <UniqueIdentifier>{4FC737F1-C7A5-4376-A066-2A32D752A2FF}</UniqueIdentifier>
      <Extensions>cpp;c;cc;cxx;def;odl;idl;hpj;bat;asm;asmx</Extensions>
    </Filter>
    <Filter Include="Header Files">
      <UniqueIdentifier>{93995380-89BD-4b04-88EB-625FBE52EBFB}</UniqueIdentifier>
      <Extensions>h;hh;hpp;hxx;hm;inl;inc;xsd</Extensions>
    </Filter>
    <Filter Include="Resource Files">
      <UniqueIdentifier>{67DA6AB6-F800-4c08-8B7A-83BB121AAD01}</UniqueIdentifier>
      <Extensions>rc;ico;cur;bmp;dlg;rc2;rct;bin;rgs;gif;jpg;jpeg;jpe;resx;tiff;tif;png;wav;mfcribbon-ms</Extensions>
    </Filter>
    <Filter Include="Source Files\Entry Point">
      <UniqueIdentifier>{13007c9c-febc-462a-b95d-550aa1f7c11d}</UniqueIdentifier>
    </Filter>
  </ItemGroup>
  <ItemGroup>
    <ClCompile Include="main.cpp">
      <Filter>Source Files\Entry Point</Filter>
    </ClCompile>
    <ClCompile Include="integer_id.cpp">
      <Filter>Source Files</Filter>
    </ClCompile>
    <ClCompile Include="objectid.cpp">
      <Filter>Source Files</Filter>
    </ClCompile>
    <ClCompile Include="object_manager.cpp">
      <Filter>Source Files</Filter>
    </ClCompile>
    <ClCompile Include="member_templates.cpp">
      <Filter>Source Files</Filter>
    </ClCompile>
    <ClCompile Include="abstract_interface_test.cpp">
      <Filter>Source Files</Filter>
    </ClCompile>
    <ClCompile Include="fake_virtual_functions.cpp">
      <Filter>Source Files</Filter>
    </ClCompile>
    <ClCompile Include="interface_operators.cpp">
      <Filter>Source Files</Filter>
    </ClCompile>
    <ClCompile Include="data_policies.cpp">
      <Filter>Source Files</Filter>
    </ClCompile>
    <ClCompile Include="enum_stuff2.cpp">
      <Filter>Source Files</Filter>
    </ClCompile>
    <ClCompile Include="varadic_templates.cpp">
      <Filter>Source Files</Filter>
    </ClCompile>
    <ClCompile Include="reference_counting.cpp">
      <Filter>Source Files</Filter>
    </ClCompile>
    <ClCompile Include="data_pool_value.cpp">
      <Filter>Source Files</Filter>
    </ClCompile>
    <ClCompile Include="enum_stuff.cpp">
      <Filter>Source Files</Filter>
    </ClCompile>
    <ClCompile Include="enum_data_manager.cpp">
      <Filter>Source Files</Filter>
    </ClCompile>
    <ClCompile Include="grid.cpp">
      <Filter>Source Files</Filter>
    </ClCompile>
    <ClCompile Include="indexable_tuple.cpp">
      <Filter>Source Files</Filter>
    </ClCompile>
    <ClCompile Include="question_based_template.cpp">
      <Filter>Source Files</Filter>
    </ClCompile>
    <ClCompile Include="std_basic_string_identifier.cpp">
      <Filter>Source Files</Filter>
    </ClCompile>
    <ClCompile Include="interface_inheritance.cpp">
      <Filter>Source Files</Filter>
    </ClCompile>
    <ClCompile Include="macro_class.cpp">
      <Filter>Source Files</Filter>
    </ClCompile>
    <ClCompile Include="macro_enum.cpp">
      <Filter>Source Files</Filter>
    </ClCompile>
    <ClCompile Include="function_traits.cpp">
      <Filter>Source Files</Filter>
    </ClCompile>
    <ClCompile Include="explicit_template_instantiation.cpp">
      <Filter>Source Files</Filter>
    </ClCompile>
    <ClCompile Include="explicit_template_instantiation_test.cpp">
      <Filter>Source Files</Filter>
    </ClCompile>
  </ItemGroup>
  <ItemGroup>
    <ClInclude Include="integer_id.h">
      <Filter>Header Files</Filter>
    </ClInclude>
    <ClInclude Include="enum_stuff.h">
      <Filter>Header Files</Filter>
    </ClInclude>
    <ClInclude Include="enum_data_manager.h">
      <Filter>Header Files</Filter>
    </ClInclude>
    <ClInclude Include="grid.h">
      <Filter>Header Files</Filter>
    </ClInclude>
    <ClInclude Include="object_manager.h">
      <Filter>Header Files</Filter>
    </ClInclude>
    <ClInclude Include="objectid.h">
      <Filter>Header Files</Filter>
    </ClInclude>
    <ClInclude Include="member_templates.h">
      <Filter>Header Files</Filter>
    </ClInclude>
    <ClInclude Include="abstract_interface_test.h">
      <Filter>Header Files</Filter>
    </ClInclude>
    <ClInclude Include="id_and_index_test.h">
      <Filter>Header Files</Filter>
    </ClInclude>
    <ClInclude Include="fake_virtual_functions.h">
      <Filter>Header Files</Filter>
    </ClInclude>
    <ClInclude Include="interface_operators.h">
      <Filter>Header Files</Filter>
    </ClInclude>
    <ClInclude Include="enum_string.h">
      <Filter>Header Files</Filter>
    </ClInclude>
    <ClInclude Include="data_policies.h">
      <Filter>Header Files</Filter>
    </ClInclude>
    <ClInclude Include="variadic_templates.h">
      <Filter>Header Files</Filter>
    </ClInclude>
    <ClInclude Include="enum_stuff2.h">
      <Filter>Header Files</Filter>
    </ClInclude>
    <ClInclude Include="two_key_map.h">
      <Filter>Header Files</Filter>
    </ClInclude>
    <ClInclude Include="reference_counting.h">
      <Filter>Header Files</Filter>
    </ClInclude>
    <ClInclude Include="data_pool_value.h">
      <Filter>Header Files</Filter>
    </ClInclude>
    <ClInclude Include="enum_in_class.h">
      <Filter>Header Files</Filter>
    </ClInclude>
    <ClInclude Include="indexable_tuple.h">
      <Filter>Header Files</Filter>
    </ClInclude>
    <ClInclude Include="question_based_template.h">
      <Filter>Header Files</Filter>
    </ClInclude>
    <ClInclude Include="std_basic_string_identifier.h">
      <Filter>Header Files</Filter>
    </ClInclude>
    <ClInclude Include="interface_inheritance.h">
      <Filter>Header Files</Filter>
    </ClInclude>
    <ClInclude Include="macro_class.h">
      <Filter>Header Files</Filter>
    </ClInclude>
    <ClInclude Include="macro_enum.h">
      <Filter>Header Files</Filter>
    </ClInclude>
    <ClInclude Include="function_traits.h">
      <Filter>Header Files</Filter>
    </ClInclude>
    <ClInclude Include="explicit_template_instantiation.h">
      <Filter>Header Files</Filter>
    </ClInclude>
    <ClInclude Include="explicit_template_instantiation_test.h">
      <Filter>Header Files</Filter>
    </ClInclude>
  </ItemGroup>
</Project>